
Microsoft Visual Studio Solution File, Format Version 12.00
# Visual Studio Version 17
VisualStudioVersion = 17.11.35222.181
MinimumVisualStudioVersion = 10.0.40219.1
Project("{FAE04EC0-301F-11D3-BF4B-00C04F79EFBC}") = "Parallel_Processing", "Parallel_Processing\Parallel_Processing.csproj", "{B5999BE6-6173-4A72-BA3E-CA36C1A9C208}"
EndProject
Global
	GlobalSection(SolutionConfigurationPlatforms) = preSolution
		Debug|Any CPU = Debug|Any CPU
		Release|Any CPU = Release|Any CPU
	EndGlobalSection
	GlobalSection(ProjectConfigurationPlatforms) = postSolution
		{B5999BE6-6173-4A72-BA3E-CA36C1A9C208}.Debug|Any CPU.ActiveCfg = Debug|Any CPU
		{B5999BE6-6173-4A72-BA3E-CA36C1A9C208}.Debug|Any CPU.Build.0 = Debug|Any CPU
		{B5999BE6-6173-4A72-BA3E-CA36C1A9C208}.Release|Any CPU.ActiveCfg = Release|Any CPU
		{B5999BE6-6173-4A72-BA3E-CA36C1A9C208}.Release|Any CPU.Build.0 = Release|Any CPU
	EndGlobalSection
	GlobalSection(SolutionProperties) = preSolution
		HideSolutionNode = FALSE
	EndGlobalSection
	GlobalSection(ExtensibilityGlobals) = postSolution
		SolutionGuid = {CA5B0513-C91F-44BE-9330-4A2D979B10C1}
	EndGlobalSection
EndGlobal
